# Kubemoot brand files, copied from the brand/ folder of github.com/kubemoot/.github.
# scripts/brand-sync.sh check verifies every copy; scripts/brand-sync.sh refresh [COMMIT]
# copies them again and rewrites this file. Never edit a copy or a hash by hand.
commit b4721dd5d96d39b42a2542ff685c1c633d6f96f3
# sha256 destination source
cc83ebea650221b4f77609b9225fbe05c73dc9454328069df1c93170cfe4b802 media/icon.png icon/color/kubemoot-icon-color-512.png
b350a8997dade7c7019c124b8dae6f51a8c5445e381107d1c131eaceb1a230d5 media/kubemoot.svg icon/black/kubemoot-icon-black.svg
ab3f4136528a0a2f7f9d3f835dd7470203ab0ac98d4540fd30215e7efb7a3684 media/kubemoot-favicon-small.svg favicon/kubemoot-favicon-small.svg
